// !$*UTF8*$!
{
	archiveVersion = 1;
	classes = {
	};
	objectVersion = 50;
	objects = {

/* Begin PBXBuildFile section */
		17959624245CB0EB00FFB201 /* AppDelegate.swift in Sources */ = {isa = PBXBuildFile; fileRef = 17959623245CB0EB00FFB201 /* AppDelegate.swift */; };
		17959626245CB0EB00FFB201 /* SceneDelegate.swift in Sources */ = {isa = PBXBuildFile; fileRef = 17959625245CB0EB00FFB201 /* SceneDelegate.swift */; };
		17959628245CB0EB00FFB201 /* ContentView.swift in Sources */ = {isa = PBXBuildFile; fileRef = 17959627245CB0EB00FFB201 /* ContentView.swift */; };
		1795962A245CB0F000FFB201 /* Assets.xcassets in Resources */ = {isa = PBXBuildFile; fileRef = 17959629245CB0F000FFB201 /* Assets.xcassets */; };
		1795962D245CB0F000FFB201 /* Preview Assets.xcassets in Resources */ = {isa = PBXBuildFile; fileRef = 1795962C245CB0F000FFB201 /* Preview Assets.xcassets */; };
		17959630245CB0F000FFB201 /* LaunchScreen.storyboard in Resources */ = {isa = PBXBuildFile; fileRef = 1795962E245CB0F000FFB201 /* LaunchScreen.storyboard */; };
		1795963B245CB0F100FFB201 /* TestTests.swift in Sources */ = {isa = PBXBuildFile; fileRef = 1795963A245CB0F100FFB201 /* TestTests.swift */; };
		17959646245CB0F100FFB201 /* TestUITests.swift in Sources */ = {isa = PBXBuildFile; fileRef = 17959645245CB0F100FFB201 /* TestUITests.swift */; };
/* End PBXBuildFile section */

/* Begin PBXContainerItemProxy section */
		17959637245CB0F100FFB201 /* PBXContainerItemProxy */ = {
			isa = PBXContainerItemProxy;
			containerPortal = 17959618245CB0EB00FFB201 /* Project object */;
			proxyType = 1;
			remoteGlobalIDString = 1795961F245CB0EB00FFB201;
			remoteInfo = Test;
		};
		17959642245CB0F100FFB201 /* PBXContainerItemProxy */ = {
			isa = PBXContainerItemProxy;
			containerPortal = 17959618245CB0EB00FFB201 /* Project object */;
			proxyType = 1;
			remoteGlobalIDString = 1795961F245CB0EB00FFB201;
			remoteInfo = Test;
		};
/* End PBXContainerItemProxy section */

/* Begin PBXFileReference section */
		17959620245CB0EB00FFB201 /* Test.app */ = {isa = PBXFileReference; explicitFileType = wrapper.application; includeInIndex = 0; path = Test.app; sourceTree = BUILT_PRODUCTS_DIR; };
		17959623245CB0EB00FFB201 /* AppDelegate.swift */ = {isa = PBXFileReference; lastKnownFileType = sourcecode.swift; path = AppDelegate.swift; sourceTree = "<group>"; };
		17959625245CB0EB00FFB201 /* SceneDelegate.swift */ = {isa = PBXFileReference; lastKnownFileType = sourcecode.swift; path = SceneDelegate.swift; sourceTree = "<group>"; };
		17959627245CB0EB00FFB201 /* ContentView.swift */ = {isa = PBXFileReference; lastKnownFileType = sourcecode.swift; path = ContentView.swift; sourceTree = "<group>"; };
		17959629245CB0F000FFB201 /* Assets.xcassets */ = {isa = PBXFileReference; lastKnownFileType = folder.assetcatalog; path = Assets.xcassets; sourceTree = "<group>"; };
		1795962C245CB0F000FFB201 /* Preview Assets.xcassets */ = {isa = PBXFileReference; lastKnownFileType = folder.assetcatalog; path = "Preview Assets.xcassets"; sourceTree = "<group>"; };
		1795962F245CB0F000FFB201 /* Base */ = {isa = PBXFileReference; lastKnownFileType = file.storyboard; name = Base; path = Base.lproj/LaunchScreen.storyboard; sourceTree = "<group>"; };
		17959631245CB0F000FFB201 /* Info.plist */ = {isa = PBXFileReference; lastKnownFileType = text.plist.xml; path = Info.plist; sourceTree = "<group>"; };
		17959636245CB0F100FFB201 /* TestTests.xctest */ = {isa = PBXFileReference; explicitFileType = wrapper.cfbundle; includeInIndex = 0; path = TestTests.xctest; sourceTree = BUILT_PRODUCTS_DIR; };
		1795963A245CB0F100FFB201 /* TestTests.swift */ = {isa = PBXFileReference; lastKnownFileType = sourcecode.swift; path = TestTests.swift; sourceTree = "<group>"; };
		1795963C245CB0F100FFB201 /* Info.plist */ = {isa = PBXFileReference; lastKnownFileType = text.plist.xml; path = Info.plist; sourceTree = "<group>"; };
		17959641245CB0F100FFB201 /* TestUITests.xctest */ = {isa = PBXFileReference; explicitFileType = wrapper.cfbundle; includeInIndex = 0; path = TestUITests.xctest; sourceTree = BUILT_PRODUCTS_DIR; };
		17959645245CB0F100FFB201 /* TestUITests.swift */ = {isa = PBXFileReference; lastKnownFileType = sourcecode.swift; path = TestUITests.swift; sourceTree = "<group>"; };
		17959647245CB0F100FFB201 /* Info.plist */ = {isa = PBXFileReference; lastKnownFileType = text.plist.xml; path = Info.plist; sourceTree = "<group>"; };
/* End PBXFileReference section */

/* Begin PBXFrameworksBuildPhase section */
		1795961D245CB0EB00FFB201 /* Frameworks */ = {
			isa = PBXFrameworksBuildPhase;
			buildActionMask = 2147483647;
			files = (
			);
			runOnlyForDeploymentPostprocessing = 0;
		};
		17959633245CB0F100FFB201 /* Frameworks */ = {
			isa = PBXFrameworksBuildPhase;
			buildActionMask = 2147483647;
			files = (
			);
			runOnlyForDeploymentPostprocessing = 0;
		};
		1795963E245CB0F100FFB201 /* Frameworks */ = {
			isa = PBXFrameworksBuildPhase;
			buildActionMask = 2147483647;
			files = (
			);
			runOnlyForDeploymentPostprocessing = 0;
		};
/* End PBXFrameworksBuildPhase section */

/* Begin PBXGroup section */
		17959617245CB0EB00FFB201 = {
			isa = PBXGroup;
			children = (
				17959622245CB0EB00FFB201 /* Test */,
				17959639245CB0F100FFB201 /* TestTests */,
				17959644245CB0F100FFB201 /* TestUITests */,
				17959621245CB0EB00FFB201 /* Products */,
			);
			sourceTree = "<group>";
		};
		17959621245CB0EB00FFB201 /* Products */ = {
			isa = PBXGroup;
			children = (
				17959620245CB0EB00FFB201 /* Test.app */,
				17959636245CB0F100FFB201 /* TestTests.xctest */,
				17959641245CB0F100FFB201 /* TestUITests.xctest */,
			);
			name = Products;
			sourceTree = "<group>";
		};
		17959622245CB0EB00FFB201 /* Test */ = {
			isa = PBXGroup;
			children = (
				17959623245CB0EB00FFB201 /* AppDelegate.swift */,
				17959625245CB0EB00FFB201 /* SceneDelegate.swift */,
				17959627245CB0EB00FFB201 /* ContentView.swift */,
				17959629245CB0F000FFB201 /* Assets.xcassets */,
				1795962E245CB0F000FFB201 /* LaunchScreen.storyboard */,
				17959631245CB0F000FFB201 /* Info.plist */,
				1795962B245CB0F000FFB201 /* Preview Content */,
			);
			path = Test;
			sourceTree = "<group>";
		};
		1795962B245CB0F000FFB201 /* Preview Content */ = {
			isa = PBXGroup;
			children = (
				1795962C245CB0F000FFB201 /* Preview Assets.xcassets */,
			);
			path = "Preview Content";
			sourceTree = "<group>";
		};
		17959639245CB0F100FFB201 /* TestTests */ = {
			isa = PBXGroup;
			children = (
				1795963A245CB0F100FFB201 /* TestTests.swift */,
				1795963C245CB0F100FFB201 /* Info.plist */,
			);
			path = TestTests;
			sourceTree = "<group>";
		};
		17959644245CB0F100FFB201 /* TestUITests */ = {
			isa = PBXGroup;
			children = (
				17959645245CB0F100FFB201 /* TestUITests.swift */,
				17959647245CB0F100FFB201 /* Info.plist */,
			);
			path = TestUITests;
			sourceTree = "<group>";
		};
/* End PBXGroup section */

/* Begin PBXNativeTarget section */
		1795961F245CB0EB00FFB201 /* Test */ = {
			isa = PBXNativeTarget;
			buildConfigurationList = 1795964A245CB0F100FFB201 /* Build configuration list for PBXNativeTarget "Test" */;
			buildPhases = (
				1795961C245CB0EB00FFB201 /* Sources */,
				1795961D245CB0EB00FFB201 /* Frameworks */,
				1795961E245CB0EB00FFB201 /* Resources */,
			);
			buildRules = (
			);
			dependencies = (
			);
			name = Test;
			productName = Test;
			productReference = 17959620245CB0EB00FFB201 /* Test.app */;
			productType = "com.apple.product-type.application";
		};
		17959635245CB0F100FFB201 /* TestTests */ = {
			isa = PBXNativeTarget;
			buildConfigurationList = 1795964D245CB0F100FFB201 /* Build configuration list for PBXNativeTarget "TestTests" */;
			buildPhases = (
				17959632245CB0F100FFB201 /* Sources */,
				17959633245CB0F100FFB201 /* Frameworks */,
				17959634245CB0F100FFB201 /* Resources */,
			);
			buildRules = (
			);
			dependencies = (
				17959638245CB0F100FFB201 /* PBXTargetDependency */,
			);
			name = TestTests;
			productName = TestTests;
			productReference = 17959636245CB0F100FFB201 /* TestTests.xctest */;
			productType = "com.apple.product-type.bundle.unit-test";
		};
		17959640245CB0F100FFB201 /* TestUITests */ = {
			isa = PBXNativeTarget;
			buildConfigurationList = 17959650245CB0F100FFB201 /* Build configuration list for PBXNativeTarget "TestUITests" */;
			buildPhases = (
				1795963D245CB0F100FFB201 /* Sources */,
				1795963E245CB0F100FFB201 /* Frameworks */,
				1795963F245CB0F100FFB201 /* Resources */,
			);
			buildRules = (
			);
			dependencies = (
				17959643245CB0F100FFB201 /* PBXTargetDependency */,
			);
			name = TestUITests;
			productName = TestUITests;
			productReference = 17959641245CB0F100FFB201 /* TestUITests.xctest */;
			productType = "com.apple.product-type.bundle.ui-testing";
		};
/* End PBXNativeTarget section */

/* Begin PBXProject section */
		17959618245CB0EB00FFB201 /* Project object */ = {
			isa = PBXProject;
			attributes = {
				LastSwiftUpdateCheck = 1140;
				LastUpgradeCheck = 1140;
				ORGANIZATIONNAME = "Lakshya Jain";
				TargetAttributes = {
					1795961F245CB0EB00FFB201 = {
						CreatedOnToolsVersion = 11.4.1;
					};
					17959635245CB0F100FFB201 = {
						CreatedOnToolsVersion = 11.4.1;
						TestTargetID = 1795961F245CB0EB00FFB201;
					};
					17959640245CB0F100FFB201 = {
						CreatedOnToolsVersion = 11.4.1;
						TestTargetID = 1795961F245CB0EB00FFB201;
					};
				};
			};
			buildConfigurationList = 1795961B245CB0EB00FFB201 /* Build configuration list for PBXProject "Test" */;
			compatibilityVersion = "Xcode 9.3";
			developmentRegion = en;
			hasScannedForEncodings = 0;
			knownRegions = (
				en,
				Base,
			);
			mainGroup = 17959617245CB0EB00FFB201;
			productRefGroup = 17959621245CB0EB00FFB201 /* Products */;
			projectDirPath = "";
			projectRoot = "";
			targets = (
				1795961F245CB0EB00FFB201 /* Test */,
				17959635245CB0F100FFB201 /* TestTests */,
				17959640245CB0F100FFB201 /* TestUITests */,
			);
		};
/* End PBXProject section */

/* Begin PBXResourcesBuildPhase section */
		1795961E245CB0EB00FFB201 /* Resources */ = {
			isa = PBXResourcesBuildPhase;
			buildActionMask = 2147483647;
			files = (
				17959630245CB0F000FFB201 /* LaunchScreen.storyboard in Resources */,
				1795962D245CB0F000FFB201 /* Preview Assets.xcassets in Resources */,
				1795962A245CB0F000FFB201 /* Assets.xcassets in Resources */,
			);
			runOnlyForDeploymentPostprocessing = 0;
		};
		17959634245CB0F100FFB201 /* Resources */ = {
			isa = PBXResourcesBuildPhase;
			buildActionMask = 2147483647;
			files = (
			);
			runOnlyForDeploymentPostprocessing = 0;
		};
		1795963F245CB0F100FFB201 /* Resources */ = {
			isa = PBXResourcesBuildPhase;
			buildActionMask = 2147483647;
			files = (
			);
			runOnlyForDeploymentPostprocessing = 0;
		};
/* End PBXResourcesBuildPhase section */

/* Begin PBXSourcesBuildPhase section */
		1795961C245CB0EB00FFB201 /* Sources */ = {
			isa = PBXSourcesBuildPhase;
			buildActionMask = 2147483647;
			files = (
				17959624245CB0EB00FFB201 /* AppDelegate.swift in Sources */,
				17959626245CB0EB00FFB201 /* SceneDelegate.swift in Sources */,
				17959628245CB0EB00FFB201 /* ContentView.swift in Sources */,
			);
			runOnlyForDeploymentPostprocessing = 0;
		};
		17959632245CB0F100FFB201 /* Sources */ = {
			isa = PBXSourcesBuildPhase;
			buildActionMask = 2147483647;
			files = (
				1795963B245CB0F100FFB201 /* TestTests.swift in Sources */,
			);
			runOnlyForDeploymentPostprocessing = 0;
		};
		1795963D245CB0F100FFB201 /* Sources */ = {
			isa = PBXSourcesBuildPhase;
			buildActionMask = 2147483647;
			files = (
				17959646245CB0F100FFB201 /* TestUITests.swift in Sources */,
			);
			runOnlyForDeploymentPostprocessing = 0;
		};
/* End PBXSourcesBuildPhase section */

/* Begin PBXTargetDependency section */
		17959638245CB0F100FFB201 /* PBXTargetDependency */ = {
			isa = PBXTargetDependency;
			target = 1795961F245CB0EB00FFB201 /* Test */;
			targetProxy = 17959637245CB0F100FFB201 /* PBXContainerItemProxy */;
		};
		17959643245CB0F100FFB201 /* PBXTargetDependency */ = {
			isa = PBXTargetDependency;
			target = 1795961F245CB0EB00FFB201 /* Test */;
			targetProxy = 17959642245CB0F100FFB201 /* PBXContainerItemProxy */;
		};
/* End PBXTargetDependency section */

/* Begin PBXVariantGroup section */
		1795962E245CB0F000FFB201 /* LaunchScreen.storyboard */ = {
			isa = PBXVariantGroup;
			children = (
				1795962F245CB0F000FFB201 /* Base */,
			);
			name = LaunchScreen.storyboard;
			sourceTree = "<group>";
		};
/* End PBXVariantGroup section */

/* Begin XCBuildConfiguration section */
		17959648245CB0F100FFB201 /* Debug */ = {
			isa = XCBuildConfiguration;
			buildSettings = {
				ALWAYS_SEARCH_USER_PATHS = NO;
				CLANG_ANALYZER_NONNULL = YES;
				CLANG_ANALYZER_NUMBER_OBJECT_CONVERSION = YES_AGGRESSIVE;
				CLANG_CXX_LANGUAGE_STANDARD = "gnu++14";
				CLANG_CXX_LIBRARY = "libc++";
				CLANG_ENABLE_MODULES = YES;
				CLANG_ENABLE_OBJC_ARC = YES;
				CLANG_ENABLE_OBJC_WEAK = YES;
				CLANG_WARN_BLOCK_CAPTURE_AUTORELEASING = YES;
				CLANG_WARN_BOOL_CONVERSION = YES;
				CLANG_WARN_COMMA = YES;
				CLANG_WARN_CONSTANT_CONVERSION = YES;
				CLANG_WARN_DEPRECATED_OBJC_IMPLEMENTATIONS = YES;
				CLANG_WARN_DIRECT_OBJC_ISA_USAGE = YES_ERROR;
				CLANG_WARN_DOCUMENTATION_COMMENTS = YES;
				CLANG_WARN_EMPTY_BODY = YES;
				CLANG_WARN_ENUM_CONVERSION = YES;
				CLANG_WARN_INFINITE_RECURSION = YES;
				CLANG_WARN_INT_CONVERSION = YES;
				CLANG_WARN_NON_LITERAL_NULL_CONVERSION = YES;
				CLANG_WARN_OBJC_IMPLICIT_RETAIN_SELF = YES;
				CLANG_WARN_OBJC_LITERAL_CONVERSION = YES;
				CLANG_WARN_OBJC_ROOT_CLASS = YES_ERROR;
				CLANG_WARN_RANGE_LOOP_ANALYSIS = YES;
				CLANG_WARN_STRICT_PROTOTYPES = YES;
				CLANG_WARN_SUSPICIOUS_MOVE = YES;
				CLANG_WARN_UNGUARDED_AVAILABILITY = YES_AGGRESSIVE;
				CLANG_WARN_UNREACHABLE_CODE = YES;
				CLANG_WARN__DUPLICATE_METHOD_MATCH = YES;
				COPY_PHASE_STRIP = NO;
				DEBUG_INFORMATION_FORMAT = dwarf;
				ENABLE_STRICT_OBJC_MSGSEND = YES;
				ENABLE_TESTABILITY = YES;
				GCC_C_LANGUAGE_STANDARD = gnu11;
				GCC_DYNAMIC_NO_PIC = NO;
				GCC_NO_COMMON_BLOCKS = YES;
				GCC_OPTIMIZATION_LEVEL = 0;
				GCC_PREPROCESSOR_DEFINITIONS = (
					"DEBUG=1",
					"$(inherited)",
				);
				GCC_WARN_64_TO_32_BIT_CONVERSION = YES;
				GCC_WARN_ABOUT_RETURN_TYPE = YES_ERROR;
				GCC_WARN_UNDECLARED_SELECTOR = YES;
				GCC_WARN_UNINITIALIZED_AUTOS = YES_AGGRESSIVE;
				GCC_WARN_UNUSED_FUNCTION = YES;
				GCC_WARN_UNUSED_VARIABLE = YES;
				IPHONEOS_DEPLOYMENT_TARGET = 13.4;
				MTL_ENABLE_DEBUG_INFO = INCLUDE_SOURCE;
				MTL_FAST_MATH = YES;
				ONLY_ACTIVE_ARCH = YES;
				SDKROOT = iphoneos;
				SWIFT_ACTIVE_COMPILATION_CONDITIONS = DEBUG;
				SWIFT_OPTIMIZATION_LEVEL = "-Onone";
			};
			name = Debug;
		};
		17959649245CB0F100FFB201 /* Release */ = {
			isa = XCBuildConfiguration;
			buildSettings = {
				ALWAYS_SEARCH_USER_PATHS = NO;
				CLANG_ANALYZER_NONNULL = YES;
				CLANG_ANALYZER_NUMBER_OBJECT_CONVERSION = YES_AGGRESSIVE;
				CLANG_CXX_LANGUAGE_STANDARD = "gnu++14";
				CLANG_CXX_LIBRARY = "libc++";
				CLANG_ENABLE_MODULES = YES;
				CLANG_ENABLE_OBJC_ARC = YES;
				CLANG_ENABLE_OBJC_WEAK = YES;
				CLANG_WARN_BLOCK_CAPTURE_AUTORELEASING = YES;
				CLANG_WARN_BOOL_CONVERSION = YES;
				CLANG_WARN_COMMA = YES;
				CLANG_WARN_CONSTANT_CONVERSION = YES;
				CLANG_WARN_DEPRECATED_OBJC_IMPLEMENTATIONS = YES;
				CLANG_WARN_DIRECT_OBJC_ISA_USAGE = YES_ERROR;
				CLANG_WARN_DOCUMENTATION_COMMENTS = YES;
				CLANG_WARN_EMPTY_BODY = YES;
				CLANG_WARN_ENUM_CONVERSION = YES;
				CLANG_WARN_INFINITE_RECURSION = YES;
				CLANG_WARN_INT_CONVERSION = YES;
				CLANG_WARN_NON_LITERAL_NULL_CONVERSION = YES;
				CLANG_WARN_OBJC_IMPLICIT_RETAIN_SELF = YES;
				CLANG_WARN_OBJC_LITERAL_CONVERSION = YES;
				CLANG_WARN_OBJC_ROOT_CLASS = YES_ERROR;
				CLANG_WARN_RANGE_LOOP_ANALYSIS = YES;
				CLANG_WARN_STRICT_PROTOTYPES = YES;
				CLANG_WARN_SUSPICIOUS_MOVE = YES;
				CLANG_WARN_UNGUARDED_AVAILABILITY = YES_AGGRESSIVE;
				CLANG_WARN_UNREACHABLE_CODE = YES;
				CLANG_WARN__DUPLICATE_METHOD_MATCH = YES;
				COPY_PHASE_STRIP = NO;
				DEBUG_INFORMATION_FORMAT = "dwarf-with-dsym";
				ENABLE_NS_ASSERTIONS = NO;
				ENABLE_STRICT_OBJC_MSGSEND = YES;
				GCC_C_LANGUAGE_STANDARD = gnu11;
				GCC_NO_COMMON_BLOCKS = YES;
				GCC_WARN_64_TO_32_BIT_CONVERSION = YES;
				GCC_WARN_ABOUT_RETURN_TYPE = YES_ERROR;
				GCC_WARN_UNDECLARED_SELECTOR = YES;
				GCC_WARN_UNINITIALIZED_AUTOS = YES_AGGRESSIVE;
				GCC_WARN_UNUSED_FUNCTION = YES;
				GCC_WARN_UNUSED_VARIABLE = YES;
				IPHONEOS_DEPLOYMENT_TARGET = 13.4;
				MTL_ENABLE_DEBUG_INFO = NO;
				MTL_FAST_MATH = YES;
				SDKROOT = iphoneos;
				SWIFT_COMPILATION_MODE = wholemodule;
				SWIFT_OPTIMIZATION_LEVEL = "-O";
				VALIDATE_PRODUCT = YES;
			};
			name = Release;
		};
		1795964B245CB0F100FFB201 /* Debug */ = {
			isa = XCBuildConfiguration;
			buildSettings = {
				ASSETCATALOG_COMPILER_APPICON_NAME = AppIcon;
				CODE_SIGN_STYLE = Automatic;
				DEVELOPMENT_ASSET_PATHS = "\"Test/Preview Content\"";
				DEVELOPMENT_TEAM = 7Q5K8378BS;
				ENABLE_PREVIEWS = YES;
				INFOPLIST_FILE = Test/Info.plist;
				LD_RUNPATH_SEARCH_PATHS = (
					"$(inherited)",
					"@executable_path/Frameworks",
				);
				PRODUCT_BUNDLE_IDENTIFIER = com.lakshyajain.Test;
				PRODUCT_NAME = "$(TARGET_NAME)";
				SWIFT_VERSION = 5.0;
				TARGETED_DEVICE_FAMILY = "1,2";
			};
			name = Debug;
		};
		1795964C245CB0F100FFB201 /* Release */ = {
			isa = XCBuildConfiguration;
			buildSettings = {
				ASSETCATALOG_COMPILER_APPICON_NAME = AppIcon;
				CODE_SIGN_STYLE = Automatic;
				DEVELOPMENT_ASSET_PATHS = "\"Test/Preview Content\"";
				DEVELOPMENT_TEAM = 7Q5K8378BS;
				ENABLE_PREVIEWS = YES;
				INFOPLIST_FILE = Test/Info.plist;
				LD_RUNPATH_SEARCH_PATHS = (
					"$(inherited)",
					"@executable_path/Frameworks",
				);
				PRODUCT_BUNDLE_IDENTIFIER = com.lakshyajain.Test;
				PRODUCT_NAME = "$(TARGET_NAME)";
				SWIFT_VERSION = 5.0;
				TARGETED_DEVICE_FAMILY = "1,2";
			};
			name = Release;
		};
		1795964E245CB0F100FFB201 /* Debug */ = {
			isa = XCBuildConfiguration;
			buildSettings = {
				ALWAYS_EMBED_SWIFT_STANDARD_LIBRARIES = YES;
				BUNDLE_LOADER = "$(TEST_HOST)";
				CODE_SIGN_STYLE = Automatic;
				DEVELOPMENT_TEAM = 7Q5K8378BS;
				INFOPLIST_FILE = TestTests/Info.plist;
				IPHONEOS_DEPLOYMENT_TARGET = 13.4;
				LD_RUNPATH_SEARCH_PATHS = (
					"$(inherited)",
					"@executable_path/Frameworks",
					"@loader_path/Frameworks",
				);
				PRODUCT_BUNDLE_IDENTIFIER = com.lakshyajain.TestTests;
				PRODUCT_NAME = "$(TARGET_NAME)";
				SWIFT_VERSION = 5.0;
				TARGETED_DEVICE_FAMILY = "1,2";
				TEST_HOST = "$(BUILT_PRODUCTS_DIR)/Test.app/Test";
			};
			name = Debug;
		};
		1795964F245CB0F100FFB201 /* Release */ = {
			isa = XCBuildConfiguration;
			buildSettings = {
				ALWAYS_EMBED_SWIFT_STANDARD_LIBRARIES = YES;
				BUNDLE_LOADER = "$(TEST_HOST)";
				CODE_SIGN_STYLE = Automatic;
				DEVELOPMENT_TEAM = 7Q5K8378BS;
				INFOPLIST_FILE = TestTests/Info.plist;
				IPHONEOS_DEPLOYMENT_TARGET = 13.4;
				LD_RUNPATH_SEARCH_PATHS = (
					"$(inherited)",
					"@executable_path/Frameworks",
					"@loader_path/Frameworks",
				);
				PRODUCT_BUNDLE_IDENTIFIER = com.lakshyajain.TestTests;
				PRODUCT_NAME = "$(TARGET_NAME)";
				SWIFT_VERSION = 5.0;
				TARGETED_DEVICE_FAMILY = "1,2";
				TEST_HOST = "$(BUILT_PRODUCTS_DIR)/Test.app/Test";
			};
			name = Release;
		};
		17959651245CB0F100FFB201 /* Debug */ = {
			isa = XCBuildConfiguration;
			buildSettings = {
				ALWAYS_EMBED_SWIFT_STANDARD_LIBRARIES = YES;
				CODE_SIGN_STYLE = Automatic;
				DEVELOPMENT_TEAM = 7Q5K8378BS;
				INFOPLIST_FILE = TestUITests/Info.plist;
				LD_RUNPATH_SEARCH_PATHS = (
					"$(inherited)",
					"@executable_path/Frameworks",
					"@loader_path/Frameworks",
				);
				PRODUCT_BUNDLE_IDENTIFIER = com.lakshyajain.TestUITests;
				PRODUCT_NAME = "$(TARGET_NAME)";
				SWIFT_VERSION = 5.0;
				TARGETED_DEVICE_FAMILY = "1,2";
				TEST_TARGET_NAME = Test;
			};
			name = Debug;
		};
		17959652245CB0F100FFB201 /* Release */ = {
			isa = XCBuildConfiguration;
			buildSettings = {
				ALWAYS_EMBED_SWIFT_STANDARD_LIBRARIES = YES;
				CODE_SIGN_STYLE = Automatic;
				DEVELOPMENT_TEAM = 7Q5K8378BS;
				INFOPLIST_FILE = TestUITests/Info.plist;
				LD_RUNPATH_SEARCH_PATHS = (
					"$(inherited)",
					"@executable_path/Frameworks",
					"@loader_path/Frameworks",
				);
				PRODUCT_BUNDLE_IDENTIFIER = com.lakshyajain.TestUITests;
				PRODUCT_NAME = "$(TARGET_NAME)";
				SWIFT_VERSION = 5.0;
				TARGETED_DEVICE_FAMILY = "1,2";
				TEST_TARGET_NAME = Test;
			};
			name = Release;
		};
/* End XCBuildConfiguration section */

/* Begin XCConfigurationList section */
		1795961B245CB0EB00FFB201 /* Build configuration list for PBXProject "Test" */ = {
			isa = XCConfigurationList;
			buildConfigurations = (
				17959648245CB0F100FFB201 /* Debug */,
				17959649245CB0F100FFB201 /* Release */,
			);
			defaultConfigurationIsVisible = 0;
			defaultConfigurationName = Release;
		};
		1795964A245CB0F100FFB201 /* Build configuration list for PBXNativeTarget "Test" */ = {
			isa = XCConfigurationList;
			buildConfigurations = (
				1795964B245CB0F100FFB201 /* Debug */,
				1795964C245CB0F100FFB201 /* Release */,
			);
			defaultConfigurationIsVisible = 0;
			defaultConfigurationName = Release;
		};
		1795964D245CB0F100FFB201 /* Build configuration list for PBXNativeTarget "TestTests" */ = {
			isa = XCConfigurationList;
			buildConfigurations = (
				1795964E245CB0F100FFB201 /* Debug */,
				1795964F245CB0F100FFB201 /* Release */,
			);
			defaultConfigurationIsVisible = 0;
			defaultConfigurationName = Release;
		};
		17959650245CB0F100FFB201 /* Build configuration list for PBXNativeTarget "TestUITests" */ = {
			isa = XCConfigurationList;
			buildConfigurations = (
				17959651245CB0F100FFB201 /* Debug */,
				17959652245CB0F100FFB201 /* Release */,
			);
			defaultConfigurationIsVisible = 0;
			defaultConfigurationName = Release;
		};
/* End XCConfigurationList section */
	};
	rootObject = 17959618245CB0EB00FFB201 /* Project object */;
}
